
Microsoft Visual Studio Solution File, Format Version 12.00
# Visual Studio 14
VisualStudioVersion = 14.0.25123.0
MinimumVisualStudioVersion = 10.0.40219.1
Project("{D6A98065-04CC-463B-94F6-2F0117AF73EE}") = "Sitecore.Support.336747", "Sitecore.Support.336747\Sitecore.Support.336747.csproj", "{100FEB7D-AE86-4CCD-8656-4191BEC9D555}"
EndProject
Global
	GlobalSection(SolutionConfigurationPlatforms) = preSolution
		Debug|Any CPU = Debug|Any CPU
		Release|Any CPU = Release|Any CPU
	EndGlobalSection
	GlobalSection(ProjectConfigurationPlatforms) = postSolution
		{100FEB7D-AE86-4CCD-8656-4191BEC9D555}.Debug|Any CPU.ActiveCfg = Debug|Any CPU
		{100FEB7D-AE86-4CCD-8656-4191BEC9D555}.Debug|Any CPU.Build.0 = Debug|Any CPU
		{100FEB7D-AE86-4CCD-8656-4191BEC9D555}.Release|Any CPU.ActiveCfg = Release|Any CPU
		{100FEB7D-AE86-4CCD-8656-4191BEC9D555}.Release|Any CPU.Build.0 = Release|Any CPU
	EndGlobalSection
	GlobalSection(SolutionProperties) = preSolution
		HideSolutionNode = FALSE
	EndGlobalSection
EndGlobal
